
Microsoft Visual Studio Solution File, Format Version 12.00
Project("{FAE04EC0-301F-11D3-BF4B-00C04F79EFBC}") = "Arrays101", "Arrays101\Arrays101.csproj", "{38CA1080-454B-452F-97A2-1C768E6356EF}"
EndProject
Project("{FAE04EC0-301F-11D3-BF4B-00C04F79EFBC}") = "Traversal", "Traversal\Traversal.csproj", "{4AFDBCA6-37EF-4EC8-A5AE-494DA3A38713}"
EndProject
Project("{FAE04EC0-301F-11D3-BF4B-00C04F79EFBC}") = "Insersion", "Insersion\Insersion.csproj", "{27767AE9-32FB-4E59-B054-3946F37F72E7}"
EndProject
Project("{FAE04EC0-301F-11D3-BF4B-00C04F79EFBC}") = "Deletion", "Deletion\Deletion.csproj", "{B179E89B-FABD-489C-A575-FBA0C5209AFD}"
EndProject
Project("{FAE04EC0-301F-11D3-BF4B-00C04F79EFBC}") = "Searching", "Searching\Searching.csproj", "{5821ECF0-5168-4DE2-9B53-A124C0377C98}"
EndProject
Project("{FAE04EC0-301F-11D3-BF4B-00C04F79EFBC}") = "Stack", "Stack\Stack.csproj", "{E6F67FE6-C00A-46C0-9CC8-73077D4A42FE}"
EndProject
Global
	GlobalSection(SolutionConfigurationPlatforms) = preSolution
		Debug|Any CPU = Debug|Any CPU
		Release|Any CPU = Release|Any CPU
	EndGlobalSection
	GlobalSection(ProjectConfigurationPlatforms) = postSolution
		{38CA1080-454B-452F-97A2-1C768E6356EF}.Debug|Any CPU.ActiveCfg = Debug|Any CPU
		{38CA1080-454B-452F-97A2-1C768E6356EF}.Debug|Any CPU.Build.0 = Debug|Any CPU
		{38CA1080-454B-452F-97A2-1C768E6356EF}.Release|Any CPU.ActiveCfg = Release|Any CPU
		{38CA1080-454B-452F-97A2-1C768E6356EF}.Release|Any CPU.Build.0 = Release|Any CPU
		{4AFDBCA6-37EF-4EC8-A5AE-494DA3A38713}.Debug|Any CPU.ActiveCfg = Debug|Any CPU
		{4AFDBCA6-37EF-4EC8-A5AE-494DA3A38713}.Debug|Any CPU.Build.0 = Debug|Any CPU
		{4AFDBCA6-37EF-4EC8-A5AE-494DA3A38713}.Release|Any CPU.ActiveCfg = Release|Any CPU
		{4AFDBCA6-37EF-4EC8-A5AE-494DA3A38713}.Release|Any CPU.Build.0 = Release|Any CPU
		{27767AE9-32FB-4E59-B054-3946F37F72E7}.Debug|Any CPU.ActiveCfg = Debug|Any CPU
		{27767AE9-32FB-4E59-B054-3946F37F72E7}.Debug|Any CPU.Build.0 = Debug|Any CPU
		{27767AE9-32FB-4E59-B054-3946F37F72E7}.Release|Any CPU.ActiveCfg = Release|Any CPU
		{27767AE9-32FB-4E59-B054-3946F37F72E7}.Release|Any CPU.Build.0 = Release|Any CPU
		{B179E89B-FABD-489C-A575-FBA0C5209AFD}.Debug|Any CPU.ActiveCfg = Debug|Any CPU
		{B179E89B-FABD-489C-A575-FBA0C5209AFD}.Debug|Any CPU.Build.0 = Debug|Any CPU
		{B179E89B-FABD-489C-A575-FBA0C5209AFD}.Release|Any CPU.ActiveCfg = Release|Any CPU
		{B179E89B-FABD-489C-A575-FBA0C5209AFD}.Release|Any CPU.Build.0 = Release|Any CPU
		{5821ECF0-5168-4DE2-9B53-A124C0377C98}.Debug|Any CPU.ActiveCfg = Debug|Any CPU
		{5821ECF0-5168-4DE2-9B53-A124C0377C98}.Debug|Any CPU.Build.0 = Debug|Any CPU
		{5821ECF0-5168-4DE2-9B53-A124C0377C98}.Release|Any CPU.ActiveCfg = Release|Any CPU
		{5821ECF0-5168-4DE2-9B53-A124C0377C98}.Release|Any CPU.Build.0 = Release|Any CPU
		{E6F67FE6-C00A-46C0-9CC8-73077D4A42FE}.Debug|Any CPU.ActiveCfg = Debug|Any CPU
		{E6F67FE6-C00A-46C0-9CC8-73077D4A42FE}.Debug|Any CPU.Build.0 = Debug|Any CPU
		{E6F67FE6-C00A-46C0-9CC8-73077D4A42FE}.Release|Any CPU.ActiveCfg = Release|Any CPU
		{E6F67FE6-C00A-46C0-9CC8-73077D4A42FE}.Release|Any CPU.Build.0 = Release|Any CPU
	EndGlobalSection
EndGlobal
